// !$*UTF8*$!
{
	archiveVersion = 1;
	classes = {
	};
	objectVersion = 46;
	objects = {

/* Begin PBXBuildFile section */
		D5A93A7D1C8EA83B002C7C1B /* main.m in Sources */ = {isa = PBXBuildFile; fileRef = D5A93A7C1C8EA83B002C7C1B /* main.m */; };
		D5A93A801C8EA83B002C7C1B /* AppDelegate.m in Sources */ = {isa = PBXBuildFile; fileRef = D5A93A7F1C8EA83B002C7C1B /* AppDelegate.m */; };
		D5A93A831C8EA83B002C7C1B /* ViewController.m in Sources */ = {isa = PBXBuildFile; fileRef = D5A93A821C8EA83B002C7C1B /* ViewController.m */; };
		D5A93A861C8EA83B002C7C1B /* Main.storyboard in Resources */ = {isa = PBXBuildFile; fileRef = D5A93A841C8EA83B002C7C1B /* Main.storyboard */; };
		D5A93A881C8EA83B002C7C1B /* Assets.xcassets in Resources */ = {isa = PBXBuildFile; fileRef = D5A93A871C8EA83B002C7C1B /* Assets.xcassets */; };
		D5A93A8B1C8EA83B002C7C1B /* LaunchScreen.storyboard in Resources */ = {isa = PBXBuildFile; fileRef = D5A93A891C8EA83B002C7C1B /* LaunchScreen.storyboard */; };
		D5A93A961C8EA83B002C7C1B /* TK3DTouchDemoTests.m in Sources */ = {isa = PBXBuildFile; fileRef = D5A93A951C8EA83B002C7C1B /* TK3DTouchDemoTests.m */; };
		D5A93AA11C8EA83B002C7C1B /* TK3DTouchDemoUITests.m in Sources */ = {isa = PBXBuildFile; fileRef = D5A93AA01C8EA83B002C7C1B /* TK3DTouchDemoUITests.m */; };
/* End PBXBuildFile section */

/* Begin PBXContainerItemProxy section */
		D5A93A921C8EA83B002C7C1B /* PBXContainerItemProxy */ = {
			isa = PBXContainerItemProxy;
			containerPortal = D5A93A701C8EA83B002C7C1B /* Project object */;
			proxyType = 1;
			remoteGlobalIDString = D5A93A771C8EA83B002C7C1B;
			remoteInfo = TK3DTouchDemo;
		};
		D5A93A9D1C8EA83B002C7C1B /* PBXContainerItemProxy */ = {
			isa = PBXContainerItemProxy;
			containerPortal = D5A93A701C8EA83B002C7C1B /* Project object */;
			proxyType = 1;
			remoteGlobalIDString = D5A93A771C8EA83B002C7C1B;
			remoteInfo = TK3DTouchDemo;
		};
/* End PBXContainerItemProxy section */

/* Begin PBXFileReference section */
		D5A93A781C8EA83B002C7C1B /* TK3DTouchDemo.app */ = {isa = PBXFileReference; explicitFileType = wrapper.application; includeInIndex = 0; path = TK3DTouchDemo.app; sourceTree = BUILT_PRODUCTS_DIR; };
		D5A93A7C1C8EA83B002C7C1B /* main.m */ = {isa = PBXFileReference; lastKnownFileType = sourcecode.c.objc; path = main.m; sourceTree = "<group>"; };
		D5A93A7E1C8EA83B002C7C1B /* AppDelegate.h */ = {isa = PBXFileReference; lastKnownFileType = sourcecode.c.h; path = AppDelegate.h; sourceTree = "<group>"; };
		D5A93A7F1C8EA83B002C7C1B /* AppDelegate.m */ = {isa = PBXFileReference; lastKnownFileType = sourcecode.c.objc; path = AppDelegate.m; sourceTree = "<group>"; };
		D5A93A811C8EA83B002C7C1B /* ViewController.h */ = {isa = PBXFileReference; lastKnownFileType = sourcecode.c.h; path = ViewController.h; sourceTree = "<group>"; };
		D5A93A821C8EA83B002C7C1B /* ViewController.m */ = {isa = PBXFileReference; lastKnownFileType = sourcecode.c.objc; path = ViewController.m; sourceTree = "<group>"; };
		D5A93A851C8EA83B002C7C1B /* Base */ = {isa = PBXFileReference; lastKnownFileType = file.storyboard; name = Base; path = Base.lproj/Main.storyboard; sourceTree = "<group>"; };
		D5A93A871C8EA83B002C7C1B /* Assets.xcassets */ = {isa = PBXFileReference; lastKnownFileType = folder.assetcatalog; path = Assets.xcassets; sourceTree = "<group>"; };
		D5A93A8A1C8EA83B002C7C1B /* Base */ = {isa = PBXFileReference; lastKnownFileType = file.storyboard; name = Base; path = Base.lproj/LaunchScreen.storyboard; sourceTree = "<group>"; };
		D5A93A8C1C8EA83B002C7C1B /* Info.plist */ = {isa = PBXFileReference; lastKnownFileType = text.plist.xml; path = Info.plist; sourceTree = "<group>"; };
		D5A93A911C8EA83B002C7C1B /* TK3DTouchDemoTests.xctest */ = {isa = PBXFileReference; explicitFileType = wrapper.cfbundle; includeInIndex = 0; path = TK3DTouchDemoTests.xctest; sourceTree = BUILT_PRODUCTS_DIR; };
		D5A93A951C8EA83B002C7C1B /* TK3DTouchDemoTests.m */ = {isa = PBXFileReference; lastKnownFileType = sourcecode.c.objc; path = TK3DTouchDemoTests.m; sourceTree = "<group>"; };
		D5A93A971C8EA83B002C7C1B /* Info.plist */ = {isa = PBXFileReference; lastKnownFileType = text.plist.xml; path = Info.plist; sourceTree = "<group>"; };
		D5A93A9C1C8EA83B002C7C1B /* TK3DTouchDemoUITests.xctest */ = {isa = PBXFileReference; explicitFileType = wrapper.cfbundle; includeInIndex = 0; path = TK3DTouchDemoUITests.xctest; sourceTree = BUILT_PRODUCTS_DIR; };
		D5A93AA01C8EA83B002C7C1B /* TK3DTouchDemoUITests.m */ = {isa = PBXFileReference; lastKnownFileType = sourcecode.c.objc; path = TK3DTouchDemoUITests.m; sourceTree = "<group>"; };
		D5A93AA21C8EA83B002C7C1B /* Info.plist */ = {isa = PBXFileReference; lastKnownFileType = text.plist.xml; path = Info.plist; sourceTree = "<group>"; };
/* End PBXFileReference section */

/* Begin PBXFrameworksBuildPhase section */
		D5A93A751C8EA83B002C7C1B /* Frameworks */ = {
			isa = PBXFrameworksBuildPhase;
			buildActionMask = 2147483647;
			files = (
			);
			runOnlyForDeploymentPostprocessing = 0;
		};
		D5A93A8E1C8EA83B002C7C1B /* Frameworks */ = {
			isa = PBXFrameworksBuildPhase;
			buildActionMask = 2147483647;
			files = (
			);
			runOnlyForDeploymentPostprocessing = 0;
		};
		D5A93A991C8EA83B002C7C1B /* Frameworks */ = {
			isa = PBXFrameworksBuildPhase;
			buildActionMask = 2147483647;
			files = (
			);
			runOnlyForDeploymentPostprocessing = 0;
		};
/* End PBXFrameworksBuildPhase section */

/* Begin PBXGroup section */
		D5A93A6F1C8EA83B002C7C1B = {
			isa = PBXGroup;
			children = (
				D5A93A7A1C8EA83B002C7C1B /* TK3DTouchDemo */,
				D5A93A941C8EA83B002C7C1B /* TK3DTouchDemoTests */,
				D5A93A9F1C8EA83B002C7C1B /* TK3DTouchDemoUITests */,
				D5A93A791C8EA83B002C7C1B /* Products */,
			);
			sourceTree = "<group>";
		};
		D5A93A791C8EA83B002C7C1B /* Products */ = {
			isa = PBXGroup;
			children = (
				D5A93A781C8EA83B002C7C1B /* TK3DTouchDemo.app */,
				D5A93A911C8EA83B002C7C1B /* TK3DTouchDemoTests.xctest */,
				D5A93A9C1C8EA83B002C7C1B /* TK3DTouchDemoUITests.xctest */,
			);
			name = Products;
			sourceTree = "<group>";
		};
		D5A93A7A1C8EA83B002C7C1B /* TK3DTouchDemo */ = {
			isa = PBXGroup;
			children = (
				D5A93A7E1C8EA83B002C7C1B /* AppDelegate.h */,
				D5A93A7F1C8EA83B002C7C1B /* AppDelegate.m */,
				D5A93A811C8EA83B002C7C1B /* ViewController.h */,
				D5A93A821C8EA83B002C7C1B /* ViewController.m */,
				D5A93A841C8EA83B002C7C1B /* Main.storyboard */,
				D5A93A871C8EA83B002C7C1B /* Assets.xcassets */,
				D5A93A891C8EA83B002C7C1B /* LaunchScreen.storyboard */,
				D5A93A8C1C8EA83B002C7C1B /* Info.plist */,
				D5A93A7B1C8EA83B002C7C1B /* Supporting Files */,
			);
			path = TK3DTouchDemo;
			sourceTree = "<group>";
		};
		D5A93A7B1C8EA83B002C7C1B /* Supporting Files */ = {
			isa = PBXGroup;
			children = (
				D5A93A7C1C8EA83B002C7C1B /* main.m */,
			);
			name = "Supporting Files";
			sourceTree = "<group>";
		};
		D5A93A941C8EA83B002C7C1B /* TK3DTouchDemoTests */ = {
			isa = PBXGroup;
			children = (
				D5A93A951C8EA83B002C7C1B /* TK3DTouchDemoTests.m */,
				D5A93A971C8EA83B002C7C1B /* Info.plist */,
			);
			path = TK3DTouchDemoTests;
			sourceTree = "<group>";
		};
		D5A93A9F1C8EA83B002C7C1B /* TK3DTouchDemoUITests */ = {
			isa = PBXGroup;
			children = (
				D5A93AA01C8EA83B002C7C1B /* TK3DTouchDemoUITests.m */,
				D5A93AA21C8EA83B002C7C1B /* Info.plist */,
			);
			path = TK3DTouchDemoUITests;
			sourceTree = "<group>";
		};
/* End PBXGroup section */

/* Begin PBXNativeTarget section */
		D5A93A771C8EA83B002C7C1B /* TK3DTouchDemo */ = {
			isa = PBXNativeTarget;
			buildConfigurationList = D5A93AA51C8EA83B002C7C1B /* Build configuration list for PBXNativeTarget "TK3DTouchDemo" */;
			buildPhases = (
				D5A93A741C8EA83B002C7C1B /* Sources */,
				D5A93A751C8EA83B002C7C1B /* Frameworks */,
				D5A93A761C8EA83B002C7C1B /* Resources */,
			);
			buildRules = (
			);
			dependencies = (
			);
			name = TK3DTouchDemo;
			productName = TK3DTouchDemo;
			productReference = D5A93A781C8EA83B002C7C1B /* TK3DTouchDemo.app */;
			productType = "com.apple.product-type.application";
		};
		D5A93A901C8EA83B002C7C1B /* TK3DTouchDemoTests */ = {
			isa = PBXNativeTarget;
			buildConfigurationList = D5A93AA81C8EA83B002C7C1B /* Build configuration list for PBXNativeTarget "TK3DTouchDemoTests" */;
			buildPhases = (
				D5A93A8D1C8EA83B002C7C1B /* Sources */,
				D5A93A8E1C8EA83B002C7C1B /* Frameworks */,
				D5A93A8F1C8EA83B002C7C1B /* Resources */,
			);
			buildRules = (
			);
			dependencies = (
				D5A93A931C8EA83B002C7C1B /* PBXTargetDependency */,
			);
			name = TK3DTouchDemoTests;
			productName = TK3DTouchDemoTests;
			productReference = D5A93A911C8EA83B002C7C1B /* TK3DTouchDemoTests.xctest */;
			productType = "com.apple.product-type.bundle.unit-test";
		};
		D5A93A9B1C8EA83B002C7C1B /* TK3DTouchDemoUITests */ = {
			isa = PBXNativeTarget;
			buildConfigurationList = D5A93AAB1C8EA83B002C7C1B /* Build configuration list for PBXNativeTarget "TK3DTouchDemoUITests" */;
			buildPhases = (
				D5A93A981C8EA83B002C7C1B /* Sources */,
				D5A93A991C8EA83B002C7C1B /* Frameworks */,
				D5A93A9A1C8EA83B002C7C1B /* Resources */,
			);
			buildRules = (
			);
			dependencies = (
				D5A93A9E1C8EA83B002C7C1B /* PBXTargetDependency */,
			);
			name = TK3DTouchDemoUITests;
			productName = TK3DTouchDemoUITests;
			productReference = D5A93A9C1C8EA83B002C7C1B /* TK3DTouchDemoUITests.xctest */;
			productType = "com.apple.product-type.bundle.ui-testing";
		};
/* End PBXNativeTarget section */

/* Begin PBXProject section */
		D5A93A701C8EA83B002C7C1B /* Project object */ = {
			isa = PBXProject;
			attributes = {
				LastUpgradeCheck = 0720;
				ORGANIZATIONNAME = "翟宇";
				TargetAttributes = {
					D5A93A771C8EA83B002C7C1B = {
						CreatedOnToolsVersion = 7.2.1;
					};
					D5A93A901C8EA83B002C7C1B = {
						CreatedOnToolsVersion = 7.2.1;
						TestTargetID = D5A93A771C8EA83B002C7C1B;
					};
					D5A93A9B1C8EA83B002C7C1B = {
						CreatedOnToolsVersion = 7.2.1;
						TestTargetID = D5A93A771C8EA83B002C7C1B;
					};
				};
			};
			buildConfigurationList = D5A93A731C8EA83B002C7C1B /* Build configuration list for PBXProject "TK3DTouchDemo" */;
			compatibilityVersion = "Xcode 3.2";
			developmentRegion = English;
			hasScannedForEncodings = 0;
			knownRegions = (
				en,
				Base,
			);
			mainGroup = D5A93A6F1C8EA83B002C7C1B;
			productRefGroup = D5A93A791C8EA83B002C7C1B /* Products */;
			projectDirPath = "";
			projectRoot = "";
			targets = (
				D5A93A771C8EA83B002C7C1B /* TK3DTouchDemo */,
				D5A93A901C8EA83B002C7C1B /* TK3DTouchDemoTests */,
				D5A93A9B1C8EA83B002C7C1B /* TK3DTouchDemoUITests */,
			);
		};
/* End PBXProject section */

/* Begin PBXResourcesBuildPhase section */
		D5A93A761C8EA83B002C7C1B /* Resources */ = {
			isa = PBXResourcesBuildPhase;
			buildActionMask = 2147483647;
			files = (
				D5A93A8B1C8EA83B002C7C1B /* LaunchScreen.storyboard in Resources */,
				D5A93A881C8EA83B002C7C1B /* Assets.xcassets in Resources */,
				D5A93A861C8EA83B002C7C1B /* Main.storyboard in Resources */,
			);
			runOnlyForDeploymentPostprocessing = 0;
		};
		D5A93A8F1C8EA83B002C7C1B /* Resources */ = {
			isa = PBXResourcesBuildPhase;
			buildActionMask = 2147483647;
			files = (
			);
			runOnlyForDeploymentPostprocessing = 0;
		};
		D5A93A9A1C8EA83B002C7C1B /* Resources */ = {
			isa = PBXResourcesBuildPhase;
			buildActionMask = 2147483647;
			files = (
			);
			runOnlyForDeploymentPostprocessing = 0;
		};
/* End PBXResourcesBuildPhase section */

/* Begin PBXSourcesBuildPhase section */
		D5A93A741C8EA83B002C7C1B /* Sources */ = {
			isa = PBXSourcesBuildPhase;
			buildActionMask = 2147483647;
			files = (
				D5A93A831C8EA83B002C7C1B /* ViewController.m in Sources */,
				D5A93A801C8EA83B002C7C1B /* AppDelegate.m in Sources */,
				D5A93A7D1C8EA83B002C7C1B /* main.m in Sources */,
			);
			runOnlyForDeploymentPostprocessing = 0;
		};
		D5A93A8D1C8EA83B002C7C1B /* Sources */ = {
			isa = PBXSourcesBuildPhase;
			buildActionMask = 2147483647;
			files = (
				D5A93A961C8EA83B002C7C1B /* TK3DTouchDemoTests.m in Sources */,
			);
			runOnlyForDeploymentPostprocessing = 0;
		};
		D5A93A981C8EA83B002C7C1B /* Sources */ = {
			isa = PBXSourcesBuildPhase;
			buildActionMask = 2147483647;
			files = (
				D5A93AA11C8EA83B002C7C1B /* TK3DTouchDemoUITests.m in Sources */,
			);
			runOnlyForDeploymentPostprocessing = 0;
		};
/* End PBXSourcesBuildPhase section */

/* Begin PBXTargetDependency section */
		D5A93A931C8EA83B002C7C1B /* PBXTargetDependency */ = {
			isa = PBXTargetDependency;
			target = D5A93A771C8EA83B002C7C1B /* TK3DTouchDemo */;
			targetProxy = D5A93A921C8EA83B002C7C1B /* PBXContainerItemProxy */;
		};
		D5A93A9E1C8EA83B002C7C1B /* PBXTargetDependency */ = {
			isa = PBXTargetDependency;
			target = D5A93A771C8EA83B002C7C1B /* TK3DTouchDemo */;
			targetProxy = D5A93A9D1C8EA83B002C7C1B /* PBXContainerItemProxy */;
		};
/* End PBXTargetDependency section */

/* Begin PBXVariantGroup section */
		D5A93A841C8EA83B002C7C1B /* Main.storyboard */ = {
			isa = PBXVariantGroup;
			children = (
				D5A93A851C8EA83B002C7C1B /* Base */,
			);
			name = Main.storyboard;
			sourceTree = "<group>";
		};
		D5A93A891C8EA83B002C7C1B /* LaunchScreen.storyboard */ = {
			isa = PBXVariantGroup;
			children = (
				D5A93A8A1C8EA83B002C7C1B /* Base */,
			);
			name = LaunchScreen.storyboard;
			sourceTree = "<group>";
		};
/* End PBXVariantGroup section */

/* Begin XCBuildConfiguration section */
		D5A93AA31C8EA83B002C7C1B /* Debug */ = {
			isa = XCBuildConfiguration;
			buildSettings = {
				ALWAYS_SEARCH_USER_PATHS = NO;
				CLANG_CXX_LANGUAGE_STANDARD = "gnu++0x";
				CLANG_CXX_LIBRARY = "libc++";
				CLANG_ENABLE_MODULES = YES;
				CLANG_ENABLE_OBJC_ARC = YES;
				CLANG_WARN_BOOL_CONVERSION = YES;
				CLANG_WARN_CONSTANT_CONVERSION = YES;
				CLANG_WARN_DIRECT_OBJC_ISA_USAGE = YES_ERROR;
				CLANG_WARN_EMPTY_BODY = YES;
				CLANG_WARN_ENUM_CONVERSION = YES;
				CLANG_WARN_INT_CONVERSION = YES;
				CLANG_WARN_OBJC_ROOT_CLASS = YES_ERROR;
				CLANG_WARN_UNREACHABLE_CODE = YES;
				CLANG_WARN__DUPLICATE_METHOD_MATCH = YES;
				"CODE_SIGN_IDENTITY[sdk=iphoneos*]" = "iPhone Developer";
				COPY_PHASE_STRIP = NO;
				DEBUG_INFORMATION_FORMAT = dwarf;
				ENABLE_STRICT_OBJC_MSGSEND = YES;
				ENABLE_TESTABILITY = YES;
				GCC_C_LANGUAGE_STANDARD = gnu99;
				GCC_DYNAMIC_NO_PIC = NO;
				GCC_NO_COMMON_BLOCKS = YES;
				GCC_OPTIMIZATION_LEVEL = 0;
				GCC_PREPROCESSOR_DEFINITIONS = (
					"DEBUG=1",
					"$(inherited)",
				);
				GCC_WARN_64_TO_32_BIT_CONVERSION = YES;
				GCC_WARN_ABOUT_RETURN_TYPE = YES_ERROR;
				GCC_WARN_UNDECLARED_SELECTOR = YES;
				GCC_WARN_UNINITIALIZED_AUTOS = YES_AGGRESSIVE;
				GCC_WARN_UNUSED_FUNCTION = YES;
				GCC_WARN_UNUSED_VARIABLE = YES;
				IPHONEOS_DEPLOYMENT_TARGET = 9.2;
				MTL_ENABLE_DEBUG_INFO = YES;
				ONLY_ACTIVE_ARCH = YES;
				SDKROOT = iphoneos;
			};
			name = Debug;
		};
		D5A93AA41C8EA83B002C7C1B /* Release */ = {
			isa = XCBuildConfiguration;
			buildSettings = {
				ALWAYS_SEARCH_USER_PATHS = NO;
				CLANG_CXX_LANGUAGE_STANDARD = "gnu++0x";
				CLANG_CXX_LIBRARY = "libc++";
				CLANG_ENABLE_MODULES = YES;
				CLANG_ENABLE_OBJC_ARC = YES;
				CLANG_WARN_BOOL_CONVERSION = YES;
				CLANG_WARN_CONSTANT_CONVERSION = YES;
				CLANG_WARN_DIRECT_OBJC_ISA_USAGE = YES_ERROR;
				CLANG_WARN_EMPTY_BODY = YES;
				CLANG_WARN_ENUM_CONVERSION = YES;
				CLANG_WARN_INT_CONVERSION = YES;
				CLANG_WARN_OBJC_ROOT_CLASS = YES_ERROR;
				CLANG_WARN_UNREACHABLE_CODE = YES;
				CLANG_WARN__DUPLICATE_METHOD_MATCH = YES;
				"CODE_SIGN_IDENTITY[sdk=iphoneos*]" = "iPhone Developer";
				COPY_PHASE_STRIP = NO;
				DEBUG_INFORMATION_FORMAT = "dwarf-with-dsym";
				ENABLE_NS_ASSERTIONS = NO;
				ENABLE_STRICT_OBJC_MSGSEND = YES;
				GCC_C_LANGUAGE_STANDARD = gnu99;
				GCC_NO_COMMON_BLOCKS = YES;
				GCC_WARN_64_TO_32_BIT_CONVERSION = YES;
				GCC_WARN_ABOUT_RETURN_TYPE = YES_ERROR;
				GCC_WARN_UNDECLARED_SELECTOR = YES;
				GCC_WARN_UNINITIALIZED_AUTOS = YES_AGGRESSIVE;
				GCC_WARN_UNUSED_FUNCTION = YES;
				GCC_WARN_UNUSED_VARIABLE = YES;
				IPHONEOS_DEPLOYMENT_TARGET = 9.2;
				MTL_ENABLE_DEBUG_INFO = NO;
				SDKROOT = iphoneos;
				VALIDATE_PRODUCT = YES;
			};
			name = Release;
		};
		D5A93AA61C8EA83B002C7C1B /* Debug */ = {
			isa = XCBuildConfiguration;
			buildSettings = {
				ASSETCATALOG_COMPILER_APPICON_NAME = AppIcon;
				INFOPLIST_FILE = TK3DTouchDemo/Info.plist;
				LD_RUNPATH_SEARCH_PATHS = "$(inherited) @executable_path/Frameworks";
				PRODUCT_BUNDLE_IDENTIFIER = com.tekiu.test.TK3DTouchDemo;
				PRODUCT_NAME = "$(TARGET_NAME)";
			};
			name = Debug;
		};
		D5A93AA71C8EA83B002C7C1B /* Release */ = {
			isa = XCBuildConfiguration;
			buildSettings = {
				ASSETCATALOG_COMPILER_APPICON_NAME = AppIcon;
				INFOPLIST_FILE = TK3DTouchDemo/Info.plist;
				LD_RUNPATH_SEARCH_PATHS = "$(inherited) @executable_path/Frameworks";
				PRODUCT_BUNDLE_IDENTIFIER = com.tekiu.test.TK3DTouchDemo;
				PRODUCT_NAME = "$(TARGET_NAME)";
			};
			name = Release;
		};
		D5A93AA91C8EA83B002C7C1B /* Debug */ = {
			isa = XCBuildConfiguration;
			buildSettings = {
				BUNDLE_LOADER = "$(TEST_HOST)";
				INFOPLIST_FILE = TK3DTouchDemoTests/Info.plist;
				LD_RUNPATH_SEARCH_PATHS = "$(inherited) @executable_path/Frameworks @loader_path/Frameworks";
				PRODUCT_BUNDLE_IDENTIFIER = com.tekiu.test.TK3DTouchDemoTests;
				PRODUCT_NAME = "$(TARGET_NAME)";
				TEST_HOST = "$(BUILT_PRODUCTS_DIR)/TK3DTouchDemo.app/TK3DTouchDemo";
			};
			name = Debug;
		};
		D5A93AAA1C8EA83B002C7C1B /* Release */ = {
			isa = XCBuildConfiguration;
			buildSettings = {
				BUNDLE_LOADER = "$(TEST_HOST)";
				INFOPLIST_FILE = TK3DTouchDemoTests/Info.plist;
				LD_RUNPATH_SEARCH_PATHS = "$(inherited) @executable_path/Frameworks @loader_path/Frameworks";
				PRODUCT_BUNDLE_IDENTIFIER = com.tekiu.test.TK3DTouchDemoTests;
				PRODUCT_NAME = "$(TARGET_NAME)";
				TEST_HOST = "$(BUILT_PRODUCTS_DIR)/TK3DTouchDemo.app/TK3DTouchDemo";
			};
			name = Release;
		};
		D5A93AAC1C8EA83B002C7C1B /* Debug */ = {
			isa = XCBuildConfiguration;
			buildSettings = {
				INFOPLIST_FILE = TK3DTouchDemoUITests/Info.plist;
				LD_RUNPATH_SEARCH_PATHS = "$(inherited) @executable_path/Frameworks @loader_path/Frameworks";
				PRODUCT_BUNDLE_IDENTIFIER = com.tekiu.test.TK3DTouchDemoUITests;
				PRODUCT_NAME = "$(TARGET_NAME)";
				TEST_TARGET_NAME = TK3DTouchDemo;
				USES_XCTRUNNER = YES;
			};
			name = Debug;
		};
		D5A93AAD1C8EA83B002C7C1B /* Release */ = {
			isa = XCBuildConfiguration;
			buildSettings = {
				INFOPLIST_FILE = TK3DTouchDemoUITests/Info.plist;
				LD_RUNPATH_SEARCH_PATHS = "$(inherited) @executable_path/Frameworks @loader_path/Frameworks";
				PRODUCT_BUNDLE_IDENTIFIER = com.tekiu.test.TK3DTouchDemoUITests;
				PRODUCT_NAME = "$(TARGET_NAME)";
				TEST_TARGET_NAME = TK3DTouchDemo;
				USES_XCTRUNNER = YES;
			};
			name = Release;
		};
/* End XCBuildConfiguration section */

/* Begin XCConfigurationList section */
		D5A93A731C8EA83B002C7C1B /* Build configuration list for PBXProject "TK3DTouchDemo" */ = {
			isa = XCConfigurationList;
			buildConfigurations = (
				D5A93AA31C8EA83B002C7C1B /* Debug */,
				D5A93AA41C8EA83B002C7C1B /* Release */,
			);
			defaultConfigurationIsVisible = 0;
			defaultConfigurationName = Release;
		};
		D5A93AA51C8EA83B002C7C1B /* Build configuration list for PBXNativeTarget "TK3DTouchDemo" */ = {
			isa = XCConfigurationList;
			buildConfigurations = (
				D5A93AA61C8EA83B002C7C1B /* Debug */,
				D5A93AA71C8EA83B002C7C1B /* Release */,
			);
			defaultConfigurationIsVisible = 0;
		};
		D5A93AA81C8EA83B002C7C1B /* Build configuration list for PBXNativeTarget "TK3DTouchDemoTests" */ = {
			isa = XCConfigurationList;
			buildConfigurations = (
				D5A93AA91C8EA83B002C7C1B /* Debug */,
				D5A93AAA1C8EA83B002C7C1B /* Release */,
			);
			defaultConfigurationIsVisible = 0;
		};
		D5A93AAB1C8EA83B002C7C1B /* Build configuration list for PBXNativeTarget "TK3DTouchDemoUITests" */ = {
			isa = XCConfigurationList;
			buildConfigurations = (
				D5A93AAC1C8EA83B002C7C1B /* Debug */,
				D5A93AAD1C8EA83B002C7C1B /* Release */,
			);
			defaultConfigurationIsVisible = 0;
		};
/* End XCConfigurationList section */
	};
	rootObject = D5A93A701C8EA83B002C7C1B /* Project object */;
}
